// !$*UTF8*$!
{
	archiveVersion = 1;
	classes = {
	};
	objectVersion = 45;
	objects = {

/* Begin PBXBuildFile section */
		8DD76F650486A84900D96B5E /* main.cpp in Sources */ = {isa = PBXBuildFile; fileRef = 08FB7796FE84155DC02AAC07 /* main.cpp */; settings = {ATTRIBUTES = (); }; };
		8DD76F6A0486A84900D96B5E /* cppdb.1 in CopyFiles */ = {isa = PBXBuildFile; fileRef = C6859E8B029090EE04C91782 /* cppdb.1 */; };
		BB0CF14411AA8A480074EA9E /* DataBase.cpp in Sources */ = {isa = PBXBuildFile; fileRef = BB0CF14311AA8A480074EA9E /* DataBase.cpp */; };
		BBD3D96511AA123C0061DA84 /* Table.cpp in Sources */ = {isa = PBXBuildFile; fileRef = BBD3D96411AA123C0061DA84 /* Table.cpp */; };
		BBD3D99511AA160F0061DA84 /* StringTokenizer.cpp in Sources */ = {isa = PBXBuildFile; fileRef = BBD3D99411AA160F0061DA84 /* StringTokenizer.cpp */; };
		BBD3D9B511AA1F0D0061DA84 /* StringUtils.cpp in Sources */ = {isa = PBXBuildFile; fileRef = BBD3D9B411AA1F0D0061DA84 /* StringUtils.cpp */; };
/* End PBXBuildFile section */

/* Begin PBXCopyFilesBuildPhase section */
		8DD76F690486A84900D96B5E /* CopyFiles */ = {
			isa = PBXCopyFilesBuildPhase;
			buildActionMask = 8;
			dstPath = /usr/share/man/man1/;
			dstSubfolderSpec = 0;
			files = (
				8DD76F6A0486A84900D96B5E /* cppdb.1 in CopyFiles */,
			);
			runOnlyForDeploymentPostprocessing = 1;
		};
/* End PBXCopyFilesBuildPhase section */

/* Begin PBXFileReference section */
		08FB7796FE84155DC02AAC07 /* main.cpp */ = {isa = PBXFileReference; fileEncoding = 4; lastKnownFileType = sourcecode.cpp.cpp; path = main.cpp; sourceTree = "<group>"; };
		8DD76F6C0486A84900D96B5E /* cppdb */ = {isa = PBXFileReference; explicitFileType = "compiled.mach-o.executable"; includeInIndex = 0; path = cppdb; sourceTree = BUILT_PRODUCTS_DIR; };
		BB0CF14211AA8A480074EA9E /* DataBase.h */ = {isa = PBXFileReference; fileEncoding = 4; lastKnownFileType = sourcecode.c.h; path = DataBase.h; sourceTree = "<group>"; };
		BB0CF14311AA8A480074EA9E /* DataBase.cpp */ = {isa = PBXFileReference; fileEncoding = 4; lastKnownFileType = sourcecode.cpp.cpp; path = DataBase.cpp; sourceTree = "<group>"; };
		BBD3D90111A9E5DC0061DA84 /* db.txt */ = {isa = PBXFileReference; fileEncoding = 4; lastKnownFileType = text; name = db.txt; path = /db.txt; sourceTree = "<absolute>"; };
		BBD3D96311AA123C0061DA84 /* Table.h */ = {isa = PBXFileReference; fileEncoding = 4; lastKnownFileType = sourcecode.c.h; path = Table.h; sourceTree = "<group>"; };
		BBD3D96411AA123C0061DA84 /* Table.cpp */ = {isa = PBXFileReference; fileEncoding = 4; lastKnownFileType = sourcecode.cpp.cpp; path = Table.cpp; sourceTree = "<group>"; };
		BBD3D98611AA14940061DA84 /* StringConsts.h */ = {isa = PBXFileReference; fileEncoding = 4; lastKnownFileType = sourcecode.c.h; path = StringConsts.h; sourceTree = "<group>"; };
		BBD3D99311AA160F0061DA84 /* StringTokenizer.h */ = {isa = PBXFileReference; fileEncoding = 4; lastKnownFileType = sourcecode.c.h; path = StringTokenizer.h; sourceTree = "<group>"; };
		BBD3D99411AA160F0061DA84 /* StringTokenizer.cpp */ = {isa = PBXFileReference; fileEncoding = 4; lastKnownFileType = sourcecode.cpp.cpp; path = StringTokenizer.cpp; sourceTree = "<group>"; };
		BBD3D9B311AA1F0D0061DA84 /* StringUtils.h */ = {isa = PBXFileReference; fileEncoding = 4; lastKnownFileType = sourcecode.c.h; path = StringUtils.h; sourceTree = "<group>"; };
		BBD3D9B411AA1F0D0061DA84 /* StringUtils.cpp */ = {isa = PBXFileReference; fileEncoding = 4; lastKnownFileType = sourcecode.cpp.cpp; path = StringUtils.cpp; sourceTree = "<group>"; };
		C6859E8B029090EE04C91782 /* cppdb.1 */ = {isa = PBXFileReference; lastKnownFileType = text.man; path = cppdb.1; sourceTree = "<group>"; };
/* End PBXFileReference section */

/* Begin PBXFrameworksBuildPhase section */
		8DD76F660486A84900D96B5E /* Frameworks */ = {
			isa = PBXFrameworksBuildPhase;
			buildActionMask = 2147483647;
			files = (
			);
			runOnlyForDeploymentPostprocessing = 0;
		};
/* End PBXFrameworksBuildPhase section */

/* Begin PBXGroup section */
		08FB7794FE84155DC02AAC07 /* cppdb */ = {
			isa = PBXGroup;
			children = (
				08FB7795FE84155DC02AAC07 /* Source */,
				C6859E8C029090F304C91782 /* Documentation */,
				1AB674ADFE9D54B511CA2CBB /* Products */,
			);
			name = cppdb;
			sourceTree = "<group>";
		};
		08FB7795FE84155DC02AAC07 /* Source */ = {
			isa = PBXGroup;
			children = (
				BBD3D90111A9E5DC0061DA84 /* db.txt */,
				08FB7796FE84155DC02AAC07 /* main.cpp */,
				BBD3D96311AA123C0061DA84 /* Table.h */,
				BBD3D96411AA123C0061DA84 /* Table.cpp */,
				BBD3D98611AA14940061DA84 /* StringConsts.h */,
				BBD3D99311AA160F0061DA84 /* StringTokenizer.h */,
				BBD3D99411AA160F0061DA84 /* StringTokenizer.cpp */,
				BBD3D9B311AA1F0D0061DA84 /* StringUtils.h */,
				BBD3D9B411AA1F0D0061DA84 /* StringUtils.cpp */,
				BB0CF14211AA8A480074EA9E /* DataBase.h */,
				BB0CF14311AA8A480074EA9E /* DataBase.cpp */,
			);
			name = Source;
			sourceTree = "<group>";
		};
		1AB674ADFE9D54B511CA2CBB /* Products */ = {
			isa = PBXGroup;
			children = (
				8DD76F6C0486A84900D96B5E /* cppdb */,
			);
			name = Products;
			sourceTree = "<group>";
		};
		C6859E8C029090F304C91782 /* Documentation */ = {
			isa = PBXGroup;
			children = (
				C6859E8B029090EE04C91782 /* cppdb.1 */,
			);
			name = Documentation;
			sourceTree = "<group>";
		};
/* End PBXGroup section */

/* Begin PBXNativeTarget section */
		8DD76F620486A84900D96B5E /* cppdb */ = {
			isa = PBXNativeTarget;
			buildConfigurationList = 1DEB923108733DC60010E9CD /* Build configuration list for PBXNativeTarget "cppdb" */;
			buildPhases = (
				8DD76F640486A84900D96B5E /* Sources */,
				8DD76F660486A84900D96B5E /* Frameworks */,
				8DD76F690486A84900D96B5E /* CopyFiles */,
			);
			buildRules = (
			);
			dependencies = (
			);
			name = cppdb;
			productInstallPath = "$(HOME)/bin";
			productName = cppdb;
			productReference = 8DD76F6C0486A84900D96B5E /* cppdb */;
			productType = "com.apple.product-type.tool";
		};
/* End PBXNativeTarget section */

/* Begin PBXProject section */
		08FB7793FE84155DC02AAC07 /* Project object */ = {
			isa = PBXProject;
			buildConfigurationList = 1DEB923508733DC60010E9CD /* Build configuration list for PBXProject "cppdb" */;
			compatibilityVersion = "Xcode 3.1";
			hasScannedForEncodings = 1;
			mainGroup = 08FB7794FE84155DC02AAC07 /* cppdb */;
			projectDirPath = "";
			projectRoot = "";
			targets = (
				8DD76F620486A84900D96B5E /* cppdb */,
			);
		};
/* End PBXProject section */

/* Begin PBXSourcesBuildPhase section */
		8DD76F640486A84900D96B5E /* Sources */ = {
			isa = PBXSourcesBuildPhase;
			buildActionMask = 2147483647;
			files = (
				8DD76F650486A84900D96B5E /* main.cpp in Sources */,
				BBD3D96511AA123C0061DA84 /* Table.cpp in Sources */,
				BBD3D99511AA160F0061DA84 /* StringTokenizer.cpp in Sources */,
				BBD3D9B511AA1F0D0061DA84 /* StringUtils.cpp in Sources */,
				BB0CF14411AA8A480074EA9E /* DataBase.cpp in Sources */,
			);
			runOnlyForDeploymentPostprocessing = 0;
		};
/* End PBXSourcesBuildPhase section */

/* Begin XCBuildConfiguration section */
		1DEB923208733DC60010E9CD /* Debug */ = {
			isa = XCBuildConfiguration;
			buildSettings = {
				ALWAYS_SEARCH_USER_PATHS = NO;
				COPY_PHASE_STRIP = NO;
				GCC_DYNAMIC_NO_PIC = NO;
				GCC_ENABLE_FIX_AND_CONTINUE = YES;
				GCC_MODEL_TUNING = G5;
				GCC_OPTIMIZATION_LEVEL = 0;
				INSTALL_PATH = /usr/local/bin;
				PRODUCT_NAME = cppdb;
			};
			name = Debug;
		};
		1DEB923308733DC60010E9CD /* Release */ = {
			isa = XCBuildConfiguration;
			buildSettings = {
				ALWAYS_SEARCH_USER_PATHS = NO;
				DEBUG_INFORMATION_FORMAT = "dwarf-with-dsym";
				GCC_MODEL_TUNING = G5;
				INSTALL_PATH = /usr/local/bin;
				PRODUCT_NAME = cppdb;
			};
			name = Release;
		};
		1DEB923608733DC60010E9CD /* Debug */ = {
			isa = XCBuildConfiguration;
			buildSettings = {
				ARCHS = "$(ARCHS_STANDARD_32_64_BIT)";
				GCC_C_LANGUAGE_STANDARD = gnu99;
				GCC_OPTIMIZATION_LEVEL = 0;
				GCC_WARN_ABOUT_RETURN_TYPE = YES;
				GCC_WARN_UNUSED_VARIABLE = YES;
				ONLY_ACTIVE_ARCH = YES;
				PREBINDING = NO;
				SDKROOT = macosx10.6;
			};
			name = Debug;
		};
		1DEB923708733DC60010E9CD /* Release */ = {
			isa = XCBuildConfiguration;
			buildSettings = {
				ARCHS = "$(ARCHS_STANDARD_32_64_BIT)";
				GCC_C_LANGUAGE_STANDARD = gnu99;
				GCC_WARN_ABOUT_RETURN_TYPE = YES;
				GCC_WARN_UNUSED_VARIABLE = YES;
				PREBINDING = NO;
				SDKROOT = macosx10.6;
			};
			name = Release;
		};
/* End XCBuildConfiguration section */

/* Begin XCConfigurationList section */
		1DEB923108733DC60010E9CD /* Build configuration list for PBXNativeTarget "cppdb" */ = {
			isa = XCConfigurationList;
			buildConfigurations = (
				1DEB923208733DC60010E9CD /* Debug */,
				1DEB923308733DC60010E9CD /* Release */,
			);
			defaultConfigurationIsVisible = 0;
			defaultConfigurationName = Release;
		};
		1DEB923508733DC60010E9CD /* Build configuration list for PBXProject "cppdb" */ = {
			isa = XCConfigurationList;
			buildConfigurations = (
				1DEB923608733DC60010E9CD /* Debug */,
				1DEB923708733DC60010E9CD /* Release */,
			);
			defaultConfigurationIsVisible = 0;
			defaultConfigurationName = Release;
		};
/* End XCConfigurationList section */
	};
	rootObject = 08FB7793FE84155DC02AAC07 /* Project object */;
}
